
Microsoft Visual Studio Solution File, Format Version 12.00
# Visual Studio Version 17
VisualStudioVersion = 17.0.32112.339
MinimumVisualStudioVersion = 10.0.40219.1
Project("{FAE04EC0-301F-11D3-BF4B-00C04F79EFBC}") = "Kore", "Kore\Kore.csproj", "{505B91FA-2B19-4126-8BDE-AE0632D7244A}"
EndProject
Global
	GlobalSection(SolutionConfigurationPlatforms) = preSolution
		Debug|Any CPU = Debug|Any CPU
		Release|Any CPU = Release|Any CPU
	EndGlobalSection
	GlobalSection(ProjectConfigurationPlatforms) = postSolution
		{505B91FA-2B19-4126-8BDE-AE0632D7244A}.Debug|Any CPU.ActiveCfg = Debug|Any CPU
		{505B91FA-2B19-4126-8BDE-AE0632D7244A}.Debug|Any CPU.Build.0 = Debug|Any CPU
		{505B91FA-2B19-4126-8BDE-AE0632D7244A}.Release|Any CPU.ActiveCfg = Release|Any CPU
		{505B91FA-2B19-4126-8BDE-AE0632D7244A}.Release|Any CPU.Build.0 = Release|Any CPU
	EndGlobalSection
	GlobalSection(SolutionProperties) = preSolution
		HideSolutionNode = FALSE
	EndGlobalSection
	GlobalSection(ExtensibilityGlobals) = postSolution
		SolutionGuid = {D6E5E33D-696C-4F83-B957-DA8ECEAC9895}
	EndGlobalSection
EndGlobal
